// !$*UTF8*$!
{
	archiveVersion = 1;
	classes = {
	};
	objectVersion = 46;
	objects = {

/* Begin PBXBuildFile section */
		7560663E1CC2BE2E00D054FD /* Main.storyboard in Resources */ = {isa = PBXBuildFile; fileRef = 7560663C1CC2BE2E00D054FD /* Main.storyboard */; };
		756066431CC2BE2E00D054FD /* Assets.xcassets in Resources */ = {isa = PBXBuildFile; fileRef = 756066421CC2BE2E00D054FD /* Assets.xcassets */; };
		756066461CC2BE2E00D054FD /* LaunchScreen.storyboard in Resources */ = {isa = PBXBuildFile; fileRef = 756066441CC2BE2E00D054FD /* LaunchScreen.storyboard */; };
		756066511CC2BE2E00D054FD /* HackaBikeTests.swift in Sources */ = {isa = PBXBuildFile; fileRef = 756066501CC2BE2E00D054FD /* HackaBikeTests.swift */; };
		7560665C1CC2BE2E00D054FD /* HackaBikeUITests.swift in Sources */ = {isa = PBXBuildFile; fileRef = 7560665B1CC2BE2E00D054FD /* HackaBikeUITests.swift */; };
		756066741CC2C2F200D054FD /* Info.plist in Resources */ = {isa = PBXBuildFile; fileRef = 756066701CC2C2F200D054FD /* Info.plist */; };
		7560667D1CC2C4F800D054FD /* HackaBike.xcdatamodeld in Sources */ = {isa = PBXBuildFile; fileRef = 7560667C1CC2C4F800D054FD /* HackaBike.xcdatamodeld */; };
		756066AA1CC2D2DB00D054FD /* GooglePlacesAutocomplete.swift in Sources */ = {isa = PBXBuildFile; fileRef = 7560669D1CC2D2DB00D054FD /* GooglePlacesAutocomplete.swift */; };
		756066AB1CC2D2DB00D054FD /* GooglePlacesAutocomplete.xib in Resources */ = {isa = PBXBuildFile; fileRef = 7560669E1CC2D2DB00D054FD /* GooglePlacesAutocomplete.xib */; };
		756066AC1CC2D2DB00D054FD /* GooglePlacesCell.xib in Resources */ = {isa = PBXBuildFile; fileRef = 7560669F1CC2D2DB00D054FD /* GooglePlacesCell.xib */; };
		756066AD1CC2D2DB00D054FD /* GooglePlacesTableViewCell.swift in Sources */ = {isa = PBXBuildFile; fileRef = 756066A01CC2D2DB00D054FD /* GooglePlacesTableViewCell.swift */; };
		756066AE1CC2D2DB00D054FD /* AppDelegate.swift in Sources */ = {isa = PBXBuildFile; fileRef = 756066A31CC2D2DB00D054FD /* AppDelegate.swift */; };
		756066AF1CC2D2DB00D054FD /* Singleton.swift in Sources */ = {isa = PBXBuildFile; fileRef = 756066A41CC2D2DB00D054FD /* Singleton.swift */; };
		756066B01CC2D2DB00D054FD /* MapKitVC.swift in Sources */ = {isa = PBXBuildFile; fileRef = 756066A61CC2D2DB00D054FD /* MapKitVC.swift */; };
		756066B11CC2D2DB00D054FD /* MapHelper.swift in Sources */ = {isa = PBXBuildFile; fileRef = 756066A81CC2D2DB00D054FD /* MapHelper.swift */; };
		756066B21CC2D2DB00D054FD /* PinAnnotation.swift in Sources */ = {isa = PBXBuildFile; fileRef = 756066A91CC2D2DB00D054FD /* PinAnnotation.swift */; };
		756066B41CC2D5EC00D054FD /* testViewController.swift in Sources */ = {isa = PBXBuildFile; fileRef = 756066B31CC2D5EC00D054FD /* testViewController.swift */; };
		756066C51CC2D88300D054FD /* UIImage+ImageEffects.m in Sources */ = {isa = PBXBuildFile; fileRef = 756066B71CC2D88300D054FD /* UIImage+ImageEffects.m */; };
		756066C61CC2D88300D054FD /* SCLAlertView.m in Sources */ = {isa = PBXBuildFile; fileRef = 756066B91CC2D88300D054FD /* SCLAlertView.m */; };
		756066C71CC2D88300D054FD /* SCLButton.m in Sources */ = {isa = PBXBuildFile; fileRef = 756066BB1CC2D88300D054FD /* SCLButton.m */; };
		756066C81CC2D88300D054FD /* SCLAlertViewResponder.m in Sources */ = {isa = PBXBuildFile; fileRef = 756066BD1CC2D88300D054FD /* SCLAlertViewResponder.m */; };
		756066C91CC2D88300D054FD /* SCLAlertViewStyleKit.m in Sources */ = {isa = PBXBuildFile; fileRef = 756066BF1CC2D88300D054FD /* SCLAlertViewStyleKit.m */; };
		756066CA1CC2D88300D054FD /* SCLTimerDisplay.m in Sources */ = {isa = PBXBuildFile; fileRef = 756066C21CC2D88300D054FD /* SCLTimerDisplay.m */; };
		756066CB1CC2D88300D054FD /* SCLTextView.m in Sources */ = {isa = PBXBuildFile; fileRef = 756066C41CC2D88300D054FD /* SCLTextView.m */; };
/* End PBXBuildFile section */

/* Begin PBXContainerItemProxy section */
		7560664D1CC2BE2E00D054FD /* PBXContainerItemProxy */ = {
			isa = PBXContainerItemProxy;
			containerPortal = 7560662D1CC2BE2D00D054FD /* Project object */;
			proxyType = 1;
			remoteGlobalIDString = 756066341CC2BE2D00D054FD;
			remoteInfo = HackaBike;
		};
		756066581CC2BE2E00D054FD /* PBXContainerItemProxy */ = {
			isa = PBXContainerItemProxy;
			containerPortal = 7560662D1CC2BE2D00D054FD /* Project object */;
			proxyType = 1;
			remoteGlobalIDString = 756066341CC2BE2D00D054FD;
			remoteInfo = HackaBike;
		};
/* End PBXContainerItemProxy section */

/* Begin PBXFileReference section */
		756066351CC2BE2D00D054FD /* HackaBike.app */ = {isa = PBXFileReference; explicitFileType = wrapper.application; includeInIndex = 0; path = HackaBike.app; sourceTree = BUILT_PRODUCTS_DIR; };
		7560663D1CC2BE2E00D054FD /* Base */ = {isa = PBXFileReference; lastKnownFileType = file.storyboard; name = Base; path = Base.lproj/Main.storyboard; sourceTree = "<group>"; };
		756066421CC2BE2E00D054FD /* Assets.xcassets */ = {isa = PBXFileReference; lastKnownFileType = folder.assetcatalog; name = Assets.xcassets; path = ../Assets.xcassets; sourceTree = "<group>"; };
		756066451CC2BE2E00D054FD /* Base */ = {isa = PBXFileReference; lastKnownFileType = file.storyboard; name = Base; path = Base.lproj/LaunchScreen.storyboard; sourceTree = "<group>"; };
		7560664C1CC2BE2E00D054FD /* HackaBikeTests.xctest */ = {isa = PBXFileReference; explicitFileType = wrapper.cfbundle; includeInIndex = 0; path = HackaBikeTests.xctest; sourceTree = BUILT_PRODUCTS_DIR; };
		756066501CC2BE2E00D054FD /* HackaBikeTests.swift */ = {isa = PBXFileReference; lastKnownFileType = sourcecode.swift; path = HackaBikeTests.swift; sourceTree = "<group>"; };
		756066521CC2BE2E00D054FD /* Info.plist */ = {isa = PBXFileReference; lastKnownFileType = text.plist.xml; path = Info.plist; sourceTree = "<group>"; };
		756066571CC2BE2E00D054FD /* HackaBikeUITests.xctest */ = {isa = PBXFileReference; explicitFileType = wrapper.cfbundle; includeInIndex = 0; path = HackaBikeUITests.xctest; sourceTree = BUILT_PRODUCTS_DIR; };
		7560665B1CC2BE2E00D054FD /* HackaBikeUITests.swift */ = {isa = PBXFileReference; lastKnownFileType = sourcecode.swift; path = HackaBikeUITests.swift; sourceTree = "<group>"; };
		7560665D1CC2BE2E00D054FD /* Info.plist */ = {isa = PBXFileReference; lastKnownFileType = text.plist.xml; path = Info.plist; sourceTree = "<group>"; };
		756066701CC2C2F200D054FD /* Info.plist */ = {isa = PBXFileReference; fileEncoding = 4; lastKnownFileType = text.plist.xml; path = Info.plist; sourceTree = "<group>"; };
		7560669C1CC2D2DB00D054FD /* GooglePlacesAutocomplete.h */ = {isa = PBXFileReference; fileEncoding = 4; lastKnownFileType = sourcecode.c.h; path = GooglePlacesAutocomplete.h; sourceTree = "<group>"; };
		7560669D1CC2D2DB00D054FD /* GooglePlacesAutocomplete.swift */ = {isa = PBXFileReference; fileEncoding = 4; lastKnownFileType = sourcecode.swift; path = GooglePlacesAutocomplete.swift; sourceTree = "<group>"; };
		7560669E1CC2D2DB00D054FD /* GooglePlacesAutocomplete.xib */ = {isa = PBXFileReference; fileEncoding = 4; lastKnownFileType = file.xib; path = GooglePlacesAutocomplete.xib; sourceTree = "<group>"; };
		7560669F1CC2D2DB00D054FD /* GooglePlacesCell.xib */ = {isa = PBXFileReference; fileEncoding = 4; lastKnownFileType = file.xib; path = GooglePlacesCell.xib; sourceTree = "<group>"; };
		756066A01CC2D2DB00D054FD /* GooglePlacesTableViewCell.swift */ = {isa = PBXFileReference; fileEncoding = 4; lastKnownFileType = sourcecode.swift; path = GooglePlacesTableViewCell.swift; sourceTree = "<group>"; };
		756066A31CC2D2DB00D054FD /* AppDelegate.swift */ = {isa = PBXFileReference; fileEncoding = 4; lastKnownFileType = sourcecode.swift; path = AppDelegate.swift; sourceTree = "<group>"; };
		756066A41CC2D2DB00D054FD /* Singleton.swift */ = {isa = PBXFileReference; fileEncoding = 4; lastKnownFileType = sourcecode.swift; path = Singleton.swift; sourceTree = "<group>"; };
		756066A61CC2D2DB00D054FD /* MapKitVC.swift */ = {isa = PBXFileReference; fileEncoding = 4; lastKnownFileType = sourcecode.swift; path = MapKitVC.swift; sourceTree = "<group>"; };
		756066A81CC2D2DB00D054FD /* MapHelper.swift */ = {isa = PBXFileReference; fileEncoding = 4; lastKnownFileType = sourcecode.swift; path = MapHelper.swift; sourceTree = "<group>"; };
		756066A91CC2D2DB00D054FD /* PinAnnotation.swift */ = {isa = PBXFileReference; fileEncoding = 4; lastKnownFileType = sourcecode.swift; path = PinAnnotation.swift; sourceTree = "<group>"; };
		756066B31CC2D5EC00D054FD /* testViewController.swift */ = {isa = PBXFileReference; fileEncoding = 4; lastKnownFileType = sourcecode.swift; path = testViewController.swift; sourceTree = "<group>"; };
		756066B61CC2D88300D054FD /* UIImage+ImageEffects.h */ = {isa = PBXFileReference; fileEncoding = 4; lastKnownFileType = sourcecode.c.h; path = "UIImage+ImageEffects.h"; sourceTree = "<group>"; };
		756066B71CC2D88300D054FD /* UIImage+ImageEffects.m */ = {isa = PBXFileReference; fileEncoding = 4; lastKnownFileType = sourcecode.c.objc; path = "UIImage+ImageEffects.m"; sourceTree = "<group>"; };
		756066B81CC2D88300D054FD /* SCLAlertView.h */ = {isa = PBXFileReference; fileEncoding = 4; lastKnownFileType = sourcecode.c.h; path = SCLAlertView.h; sourceTree = "<group>"; };
		756066B91CC2D88300D054FD /* SCLAlertView.m */ = {isa = PBXFileReference; fileEncoding = 4; lastKnownFileType = sourcecode.c.objc; path = SCLAlertView.m; sourceTree = "<group>"; };
		756066BA1CC2D88300D054FD /* SCLButton.h */ = {isa = PBXFileReference; fileEncoding = 4; lastKnownFileType = sourcecode.c.h; path = SCLButton.h; sourceTree = "<group>"; };
		756066BB1CC2D88300D054FD /* SCLButton.m */ = {isa = PBXFileReference; fileEncoding = 4; lastKnownFileType = sourcecode.c.objc; path = SCLButton.m; sourceTree = "<group>"; };
		756066BC1CC2D88300D054FD /* SCLAlertViewResponder.h */ = {isa = PBXFileReference; fileEncoding = 4; lastKnownFileType = sourcecode.c.h; path = SCLAlertViewResponder.h; sourceTree = "<group>"; };
		756066BD1CC2D88300D054FD /* SCLAlertViewResponder.m */ = {isa = PBXFileReference; fileEncoding = 4; lastKnownFileType = sourcecode.c.objc; path = SCLAlertViewResponder.m; sourceTree = "<group>"; };
		756066BE1CC2D88300D054FD /* SCLAlertViewStyleKit.h */ = {isa = PBXFileReference; fileEncoding = 4; lastKnownFileType = sourcecode.c.h; path = SCLAlertViewStyleKit.h; sourceTree = "<group>"; };
		756066BF1CC2D88300D054FD /* SCLAlertViewStyleKit.m */ = {isa = PBXFileReference; fileEncoding = 4; lastKnownFileType = sourcecode.c.objc; path = SCLAlertViewStyleKit.m; sourceTree = "<group>"; };
		756066C01CC2D88300D054FD /* SCLMacros.h */ = {isa = PBXFileReference; fileEncoding = 4; lastKnownFileType = sourcecode.c.h; path = SCLMacros.h; sourceTree = "<group>"; };
		756066C11CC2D88300D054FD /* SCLTimerDisplay.h */ = {isa = PBXFileReference; fileEncoding = 4; lastKnownFileType = sourcecode.c.h; path = SCLTimerDisplay.h; sourceTree = "<group>"; };
		756066C21CC2D88300D054FD /* SCLTimerDisplay.m */ = {isa = PBXFileReference; fileEncoding = 4; lastKnownFileType = sourcecode.c.objc; path = SCLTimerDisplay.m; sourceTree = "<group>"; };
		756066C31CC2D88300D054FD /* SCLTextView.h */ = {isa = PBXFileReference; fileEncoding = 4; lastKnownFileType = sourcecode.c.h; path = SCLTextView.h; sourceTree = "<group>"; };
		756066C41CC2D88300D054FD /* SCLTextView.m */ = {isa = PBXFileReference; fileEncoding = 4; lastKnownFileType = sourcecode.c.objc; path = SCLTextView.m; sourceTree = "<group>"; };
/* End PBXFileReference section */

/* Begin PBXFrameworksBuildPhase section */
		756066321CC2BE2D00D054FD /* Frameworks */ = {
			isa = PBXFrameworksBuildPhase;
			buildActionMask = 2147483647;
			files = (
			);
			runOnlyForDeploymentPostprocessing = 0;
		};
		756066491CC2BE2E00D054FD /* Frameworks */ = {
			isa = PBXFrameworksBuildPhase;
			buildActionMask = 2147483647;
			files = (
			);
			runOnlyForDeploymentPostprocessing = 0;
		};
		756066541CC2BE2E00D054FD /* Frameworks */ = {
			isa = PBXFrameworksBuildPhase;
			buildActionMask = 2147483647;
			files = (
			);
			runOnlyForDeploymentPostprocessing = 0;
		};
/* End PBXFrameworksBuildPhase section */

/* Begin PBXGroup section */
		7560662C1CC2BE2D00D054FD = {
			isa = PBXGroup;
			children = (
				756066371CC2BE2D00D054FD /* HackaBike */,
				7560664F1CC2BE2E00D054FD /* HackaBikeTests */,
				7560665A1CC2BE2E00D054FD /* HackaBikeUITests */,
				756066361CC2BE2D00D054FD /* Products */,
			);
			sourceTree = "<group>";
		};
		756066361CC2BE2D00D054FD /* Products */ = {
			isa = PBXGroup;
			children = (
				756066351CC2BE2D00D054FD /* HackaBike.app */,
				7560664C1CC2BE2E00D054FD /* HackaBikeTests.xctest */,
				756066571CC2BE2E00D054FD /* HackaBikeUITests.xctest */,
			);
			name = Products;
			sourceTree = "<group>";
		};
		756066371CC2BE2D00D054FD /* HackaBike */ = {
			isa = PBXGroup;
			children = (
				7560669A1CC2D2DB00D054FD /* Frameworks */,
				756066A11CC2D2DB00D054FD /* Source */,
				7560666F1CC2C2F200D054FD /* Resources */,
				7560667B1CC2C4F800D054FD /* CDModel */,
			);
			path = HackaBike;
			sourceTree = "<group>";
		};
		7560664F1CC2BE2E00D054FD /* HackaBikeTests */ = {
			isa = PBXGroup;
			children = (
				756066501CC2BE2E00D054FD /* HackaBikeTests.swift */,
				756066521CC2BE2E00D054FD /* Info.plist */,
			);
			path = HackaBikeTests;
			sourceTree = "<group>";
		};
		7560665A1CC2BE2E00D054FD /* HackaBikeUITests */ = {
			isa = PBXGroup;
			children = (
				7560665B1CC2BE2E00D054FD /* HackaBikeUITests.swift */,
				7560665D1CC2BE2E00D054FD /* Info.plist */,
			);
			path = HackaBikeUITests;
			sourceTree = "<group>";
		};
		7560666F1CC2C2F200D054FD /* Resources */ = {
			isa = PBXGroup;
			children = (
				756066421CC2BE2E00D054FD /* Assets.xcassets */,
				756066441CC2BE2E00D054FD /* LaunchScreen.storyboard */,
				7560663C1CC2BE2E00D054FD /* Main.storyboard */,
				756066701CC2C2F200D054FD /* Info.plist */,
			);
			path = Resources;
			sourceTree = "<group>";
		};
		7560667B1CC2C4F800D054FD /* CDModel */ = {
			isa = PBXGroup;
			children = (
				7560667C1CC2C4F800D054FD /* HackaBike.xcdatamodeld */,
			);
			path = CDModel;
			sourceTree = "<group>";
		};
		7560669A1CC2D2DB00D054FD /* Frameworks */ = {
			isa = PBXGroup;
			children = (
				756066B51CC2D86A00D054FD /* SCLAlertView */,
				7560669B1CC2D2DB00D054FD /* GooglePlaces */,
			);
			path = Frameworks;
			sourceTree = "<group>";
		};
		7560669B1CC2D2DB00D054FD /* GooglePlaces */ = {
			isa = PBXGroup;
			children = (
				7560669C1CC2D2DB00D054FD /* GooglePlacesAutocomplete.h */,
				7560669D1CC2D2DB00D054FD /* GooglePlacesAutocomplete.swift */,
				7560669E1CC2D2DB00D054FD /* GooglePlacesAutocomplete.xib */,
				7560669F1CC2D2DB00D054FD /* GooglePlacesCell.xib */,
				756066A01CC2D2DB00D054FD /* GooglePlacesTableViewCell.swift */,
			);
			path = GooglePlaces;
			sourceTree = "<group>";
		};
		756066A11CC2D2DB00D054FD /* Source */ = {
			isa = PBXGroup;
			children = (
				756066A21CC2D2DB00D054FD /* Components */,
				756066A51CC2D2DB00D054FD /* ViewController */,
				756066A71CC2D2DB00D054FD /* Views */,
			);
			path = Source;
			sourceTree = "<group>";
		};
		756066A21CC2D2DB00D054FD /* Components */ = {
			isa = PBXGroup;
			children = (
				756066A31CC2D2DB00D054FD /* AppDelegate.swift */,
				756066A41CC2D2DB00D054FD /* Singleton.swift */,
			);
			path = Components;
			sourceTree = "<group>";
		};
		756066A51CC2D2DB00D054FD /* ViewController */ = {
			isa = PBXGroup;
			children = (
				756066A61CC2D2DB00D054FD /* MapKitVC.swift */,
				756066B31CC2D5EC00D054FD /* testViewController.swift */,
			);
			path = ViewController;
			sourceTree = "<group>";
		};
		756066A71CC2D2DB00D054FD /* Views */ = {
			isa = PBXGroup;
			children = (
				756066A81CC2D2DB00D054FD /* MapHelper.swift */,
				756066A91CC2D2DB00D054FD /* PinAnnotation.swift */,
			);
			path = Views;
			sourceTree = "<group>";
		};
		756066B51CC2D86A00D054FD /* SCLAlertView */ = {
			isa = PBXGroup;
			children = (
				756066B61CC2D88300D054FD /* UIImage+ImageEffects.h */,
				756066B71CC2D88300D054FD /* UIImage+ImageEffects.m */,
				756066B81CC2D88300D054FD /* SCLAlertView.h */,
				756066B91CC2D88300D054FD /* SCLAlertView.m */,
				756066BA1CC2D88300D054FD /* SCLButton.h */,
				756066BB1CC2D88300D054FD /* SCLButton.m */,
				756066BC1CC2D88300D054FD /* SCLAlertViewResponder.h */,
				756066BD1CC2D88300D054FD /* SCLAlertViewResponder.m */,
				756066BE1CC2D88300D054FD /* SCLAlertViewStyleKit.h */,
				756066BF1CC2D88300D054FD /* SCLAlertViewStyleKit.m */,
				756066C01CC2D88300D054FD /* SCLMacros.h */,
				756066C11CC2D88300D054FD /* SCLTimerDisplay.h */,
				756066C21CC2D88300D054FD /* SCLTimerDisplay.m */,
				756066C31CC2D88300D054FD /* SCLTextView.h */,
				756066C41CC2D88300D054FD /* SCLTextView.m */,
			);
			name = SCLAlertView;
			sourceTree = "<group>";
		};
/* End PBXGroup section */

/* Begin PBXNativeTarget section */
		756066341CC2BE2D00D054FD /* HackaBike */ = {
			isa = PBXNativeTarget;
			buildConfigurationList = 756066601CC2BE2E00D054FD /* Build configuration list for PBXNativeTarget "HackaBike" */;
			buildPhases = (
				756066311CC2BE2D00D054FD /* Sources */,
				756066321CC2BE2D00D054FD /* Frameworks */,
				756066331CC2BE2D00D054FD /* Resources */,
			);
			buildRules = (
			);
			dependencies = (
			);
			name = HackaBike;
			productName = HackaBike;
			productReference = 756066351CC2BE2D00D054FD /* HackaBike.app */;
			productType = "com.apple.product-type.application";
		};
		7560664B1CC2BE2E00D054FD /* HackaBikeTests */ = {
			isa = PBXNativeTarget;
			buildConfigurationList = 756066631CC2BE2E00D054FD /* Build configuration list for PBXNativeTarget "HackaBikeTests" */;
			buildPhases = (
				756066481CC2BE2E00D054FD /* Sources */,
				756066491CC2BE2E00D054FD /* Frameworks */,
				7560664A1CC2BE2E00D054FD /* Resources */,
			);
			buildRules = (
			);
			dependencies = (
				7560664E1CC2BE2E00D054FD /* PBXTargetDependency */,
			);
			name = HackaBikeTests;
			productName = HackaBikeTests;
			productReference = 7560664C1CC2BE2E00D054FD /* HackaBikeTests.xctest */;
			productType = "com.apple.product-type.bundle.unit-test";
		};
		756066561CC2BE2E00D054FD /* HackaBikeUITests */ = {
			isa = PBXNativeTarget;
			buildConfigurationList = 756066661CC2BE2E00D054FD /* Build configuration list for PBXNativeTarget "HackaBikeUITests" */;
			buildPhases = (
				756066531CC2BE2E00D054FD /* Sources */,
				756066541CC2BE2E00D054FD /* Frameworks */,
				756066551CC2BE2E00D054FD /* Resources */,
			);
			buildRules = (
			);
			dependencies = (
				756066591CC2BE2E00D054FD /* PBXTargetDependency */,
			);
			name = HackaBikeUITests;
			productName = HackaBikeUITests;
			productReference = 756066571CC2BE2E00D054FD /* HackaBikeUITests.xctest */;
			productType = "com.apple.product-type.bundle.ui-testing";
		};
/* End PBXNativeTarget section */

/* Begin PBXProject section */
		7560662D1CC2BE2D00D054FD /* Project object */ = {
			isa = PBXProject;
			attributes = {
				LastSwiftUpdateCheck = 0720;
				LastUpgradeCheck = 0720;
				ORGANIZATIONNAME = "Paulo Henrique Leite";
				TargetAttributes = {
					756066341CC2BE2D00D054FD = {
						CreatedOnToolsVersion = 7.2.1;
						DevelopmentTeam = RXYYZZTNU6;
					};
					7560664B1CC2BE2E00D054FD = {
						CreatedOnToolsVersion = 7.2.1;
						TestTargetID = 756066341CC2BE2D00D054FD;
					};
					756066561CC2BE2E00D054FD = {
						CreatedOnToolsVersion = 7.2.1;
						TestTargetID = 756066341CC2BE2D00D054FD;
					};
				};
			};
			buildConfigurationList = 756066301CC2BE2D00D054FD /* Build configuration list for PBXProject "HackaBike" */;
			compatibilityVersion = "Xcode 3.2";
			developmentRegion = English;
			hasScannedForEncodings = 0;
			knownRegions = (
				en,
				Base,
			);
			mainGroup = 7560662C1CC2BE2D00D054FD;
			productRefGroup = 756066361CC2BE2D00D054FD /* Products */;
			projectDirPath = "";
			projectRoot = "";
			targets = (
				756066341CC2BE2D00D054FD /* HackaBike */,
				7560664B1CC2BE2E00D054FD /* HackaBikeTests */,
				756066561CC2BE2E00D054FD /* HackaBikeUITests */,
			);
		};
/* End PBXProject section */

/* Begin PBXResourcesBuildPhase section */
		756066331CC2BE2D00D054FD /* Resources */ = {
			isa = PBXResourcesBuildPhase;
			buildActionMask = 2147483647;
			files = (
				756066741CC2C2F200D054FD /* Info.plist in Resources */,
				756066461CC2BE2E00D054FD /* LaunchScreen.storyboard in Resources */,
				756066431CC2BE2E00D054FD /* Assets.xcassets in Resources */,
				7560663E1CC2BE2E00D054FD /* Main.storyboard in Resources */,
				756066AC1CC2D2DB00D054FD /* GooglePlacesCell.xib in Resources */,
				756066AB1CC2D2DB00D054FD /* GooglePlacesAutocomplete.xib in Resources */,
			);
			runOnlyForDeploymentPostprocessing = 0;
		};
		7560664A1CC2BE2E00D054FD /* Resources */ = {
			isa = PBXResourcesBuildPhase;
			buildActionMask = 2147483647;
			files = (
			);
			runOnlyForDeploymentPostprocessing = 0;
		};
		756066551CC2BE2E00D054FD /* Resources */ = {
			isa = PBXResourcesBuildPhase;
			buildActionMask = 2147483647;
			files = (
			);
			runOnlyForDeploymentPostprocessing = 0;
		};
/* End PBXResourcesBuildPhase section */

/* Begin PBXSourcesBuildPhase section */
		756066311CC2BE2D00D054FD /* Sources */ = {
			isa = PBXSourcesBuildPhase;
			buildActionMask = 2147483647;
			files = (
				756066C61CC2D88300D054FD /* SCLAlertView.m in Sources */,
				756066C81CC2D88300D054FD /* SCLAlertViewResponder.m in Sources */,
				756066B21CC2D2DB00D054FD /* PinAnnotation.swift in Sources */,
				756066B01CC2D2DB00D054FD /* MapKitVC.swift in Sources */,
				756066CA1CC2D88300D054FD /* SCLTimerDisplay.m in Sources */,
				756066AE1CC2D2DB00D054FD /* AppDelegate.swift in Sources */,
				756066C71CC2D88300D054FD /* SCLButton.m in Sources */,
				756066B41CC2D5EC00D054FD /* testViewController.swift in Sources */,
				756066AA1CC2D2DB00D054FD /* GooglePlacesAutocomplete.swift in Sources */,
				756066AD1CC2D2DB00D054FD /* GooglePlacesTableViewCell.swift in Sources */,
				756066CB1CC2D88300D054FD /* SCLTextView.m in Sources */,
				756066C91CC2D88300D054FD /* SCLAlertViewStyleKit.m in Sources */,
				756066C51CC2D88300D054FD /* UIImage+ImageEffects.m in Sources */,
				756066AF1CC2D2DB00D054FD /* Singleton.swift in Sources */,
				7560667D1CC2C4F800D054FD /* HackaBike.xcdatamodeld in Sources */,
				756066B11CC2D2DB00D054FD /* MapHelper.swift in Sources */,
			);
			runOnlyForDeploymentPostprocessing = 0;
		};
		756066481CC2BE2E00D054FD /* Sources */ = {
			isa = PBXSourcesBuildPhase;
			buildActionMask = 2147483647;
			files = (
				756066511CC2BE2E00D054FD /* HackaBikeTests.swift in Sources */,
			);
			runOnlyForDeploymentPostprocessing = 0;
		};
		756066531CC2BE2E00D054FD /* Sources */ = {
			isa = PBXSourcesBuildPhase;
			buildActionMask = 2147483647;
			files = (
				7560665C1CC2BE2E00D054FD /* HackaBikeUITests.swift in Sources */,
			);
			runOnlyForDeploymentPostprocessing = 0;
		};
/* End PBXSourcesBuildPhase section */

/* Begin PBXTargetDependency section */
		7560664E1CC2BE2E00D054FD /* PBXTargetDependency */ = {
			isa = PBXTargetDependency;
			target = 756066341CC2BE2D00D054FD /* HackaBike */;
			targetProxy = 7560664D1CC2BE2E00D054FD /* PBXContainerItemProxy */;
		};
		756066591CC2BE2E00D054FD /* PBXTargetDependency */ = {
			isa = PBXTargetDependency;
			target = 756066341CC2BE2D00D054FD /* HackaBike */;
			targetProxy = 756066581CC2BE2E00D054FD /* PBXContainerItemProxy */;
		};
/* End PBXTargetDependency section */

/* Begin PBXVariantGroup section */
		7560663C1CC2BE2E00D054FD /* Main.storyboard */ = {
			isa = PBXVariantGroup;
			children = (
				7560663D1CC2BE2E00D054FD /* Base */,
			);
			name = Main.storyboard;
			path = ..;
			sourceTree = "<group>";
		};
		756066441CC2BE2E00D054FD /* LaunchScreen.storyboard */ = {
			isa = PBXVariantGroup;
			children = (
				756066451CC2BE2E00D054FD /* Base */,
			);
			name = LaunchScreen.storyboard;
			path = ..;
			sourceTree = "<group>";
		};
/* End PBXVariantGroup section */

/* Begin XCBuildConfiguration section */
		7560665E1CC2BE2E00D054FD /* Debug */ = {
			isa = XCBuildConfiguration;
			buildSettings = {
				ALWAYS_SEARCH_USER_PATHS = NO;
				CLANG_CXX_LANGUAGE_STANDARD = "gnu++0x";
				CLANG_CXX_LIBRARY = "libc++";
				CLANG_ENABLE_MODULES = YES;
				CLANG_ENABLE_OBJC_ARC = YES;
				CLANG_WARN_BOOL_CONVERSION = YES;
				CLANG_WARN_CONSTANT_CONVERSION = YES;
				CLANG_WARN_DIRECT_OBJC_ISA_USAGE = YES_ERROR;
				CLANG_WARN_EMPTY_BODY = YES;
				CLANG_WARN_ENUM_CONVERSION = YES;
				CLANG_WARN_INT_CONVERSION = YES;
				CLANG_WARN_OBJC_ROOT_CLASS = YES_ERROR;
				CLANG_WARN_UNREACHABLE_CODE = YES;
				CLANG_WARN__DUPLICATE_METHOD_MATCH = YES;
				"CODE_SIGN_IDENTITY[sdk=iphoneos*]" = "iPhone Developer";
				COPY_PHASE_STRIP = NO;
				DEBUG_INFORMATION_FORMAT = dwarf;
				ENABLE_STRICT_OBJC_MSGSEND = YES;
				ENABLE_TESTABILITY = YES;
				GCC_C_LANGUAGE_STANDARD = gnu99;
				GCC_DYNAMIC_NO_PIC = NO;
				GCC_NO_COMMON_BLOCKS = YES;
				GCC_OPTIMIZATION_LEVEL = 0;
				GCC_PREPROCESSOR_DEFINITIONS = (
					"DEBUG=1",
					"$(inherited)",
				);
				GCC_WARN_64_TO_32_BIT_CONVERSION = YES;
				GCC_WARN_ABOUT_RETURN_TYPE = YES_ERROR;
				GCC_WARN_UNDECLARED_SELECTOR = YES;
				GCC_WARN_UNINITIALIZED_AUTOS = YES_AGGRESSIVE;
				GCC_WARN_UNUSED_FUNCTION = YES;
				GCC_WARN_UNUSED_VARIABLE = YES;
				IPHONEOS_DEPLOYMENT_TARGET = 9.2;
				MTL_ENABLE_DEBUG_INFO = YES;
				ONLY_ACTIVE_ARCH = YES;
				SDKROOT = iphoneos;
				SWIFT_OPTIMIZATION_LEVEL = "-Onone";
			};
			name = Debug;
		};
		7560665F1CC2BE2E00D054FD /* Release */ = {
			isa = XCBuildConfiguration;
			buildSettings = {
				ALWAYS_SEARCH_USER_PATHS = NO;
				CLANG_CXX_LANGUAGE_STANDARD = "gnu++0x";
				CLANG_CXX_LIBRARY = "libc++";
				CLANG_ENABLE_MODULES = YES;
				CLANG_ENABLE_OBJC_ARC = YES;
				CLANG_WARN_BOOL_CONVERSION = YES;
				CLANG_WARN_CONSTANT_CONVERSION = YES;
				CLANG_WARN_DIRECT_OBJC_ISA_USAGE = YES_ERROR;
				CLANG_WARN_EMPTY_BODY = YES;
				CLANG_WARN_ENUM_CONVERSION = YES;
				CLANG_WARN_INT_CONVERSION = YES;
				CLANG_WARN_OBJC_ROOT_CLASS = YES_ERROR;
				CLANG_WARN_UNREACHABLE_CODE = YES;
				CLANG_WARN__DUPLICATE_METHOD_MATCH = YES;
				"CODE_SIGN_IDENTITY[sdk=iphoneos*]" = "iPhone Developer";
				COPY_PHASE_STRIP = NO;
				DEBUG_INFORMATION_FORMAT = "dwarf-with-dsym";
				ENABLE_NS_ASSERTIONS = NO;
				ENABLE_STRICT_OBJC_MSGSEND = YES;
				GCC_C_LANGUAGE_STANDARD = gnu99;
				GCC_NO_COMMON_BLOCKS = YES;
				GCC_WARN_64_TO_32_BIT_CONVERSION = YES;
				GCC_WARN_ABOUT_RETURN_TYPE = YES_ERROR;
				GCC_WARN_UNDECLARED_SELECTOR = YES;
				GCC_WARN_UNINITIALIZED_AUTOS = YES_AGGRESSIVE;
				GCC_WARN_UNUSED_FUNCTION = YES;
				GCC_WARN_UNUSED_VARIABLE = YES;
				IPHONEOS_DEPLOYMENT_TARGET = 9.2;
				MTL_ENABLE_DEBUG_INFO = NO;
				SDKROOT = iphoneos;
				VALIDATE_PRODUCT = YES;
			};
			name = Release;
		};
		756066611CC2BE2E00D054FD /* Debug */ = {
			isa = XCBuildConfiguration;
			buildSettings = {
				ASSETCATALOG_COMPILER_APPICON_NAME = AppIcon;
				CODE_SIGN_IDENTITY = "iPhone Developer";
				INFOPLIST_FILE = "$(SRCROOT)/HackaBike/Resources/Info.plist";
				LD_RUNPATH_SEARCH_PATHS = "$(inherited) @executable_path/Frameworks";
				PRODUCT_BUNDLE_IDENTIFIER = com.paulo.HackaBike;
				PRODUCT_NAME = "$(TARGET_NAME)";
			};
			name = Debug;
		};
		756066621CC2BE2E00D054FD /* Release */ = {
			isa = XCBuildConfiguration;
			buildSettings = {
				ASSETCATALOG_COMPILER_APPICON_NAME = AppIcon;
				CODE_SIGN_IDENTITY = "iPhone Developer";
				INFOPLIST_FILE = "$(SRCROOT)/HackaBike/Resources/Info.plist";
				LD_RUNPATH_SEARCH_PATHS = "$(inherited) @executable_path/Frameworks";
				PRODUCT_BUNDLE_IDENTIFIER = com.paulo.HackaBike;
				PRODUCT_NAME = "$(TARGET_NAME)";
			};
			name = Release;
		};
		756066641CC2BE2E00D054FD /* Debug */ = {
			isa = XCBuildConfiguration;
			buildSettings = {
				BUNDLE_LOADER = "$(TEST_HOST)";
				INFOPLIST_FILE = HackaBikeTests/Info.plist;
				LD_RUNPATH_SEARCH_PATHS = "$(inherited) @executable_path/Frameworks @loader_path/Frameworks";
				PRODUCT_BUNDLE_IDENTIFIER = com.paulo.HackaBikeTests;
				PRODUCT_NAME = "$(TARGET_NAME)";
				TEST_HOST = "$(BUILT_PRODUCTS_DIR)/HackaBike.app/HackaBike";
			};
			name = Debug;
		};
		756066651CC2BE2E00D054FD /* Release */ = {
			isa = XCBuildConfiguration;
			buildSettings = {
				BUNDLE_LOADER = "$(TEST_HOST)";
				INFOPLIST_FILE = HackaBikeTests/Info.plist;
				LD_RUNPATH_SEARCH_PATHS = "$(inherited) @executable_path/Frameworks @loader_path/Frameworks";
				PRODUCT_BUNDLE_IDENTIFIER = com.paulo.HackaBikeTests;
				PRODUCT_NAME = "$(TARGET_NAME)";
				TEST_HOST = "$(BUILT_PRODUCTS_DIR)/HackaBike.app/HackaBike";
			};
			name = Release;
		};
		756066671CC2BE2E00D054FD /* Debug */ = {
			isa = XCBuildConfiguration;
			buildSettings = {
				INFOPLIST_FILE = HackaBikeUITests/Info.plist;
				LD_RUNPATH_SEARCH_PATHS = "$(inherited) @executable_path/Frameworks @loader_path/Frameworks";
				PRODUCT_BUNDLE_IDENTIFIER = com.paulo.HackaBikeUITests;
				PRODUCT_NAME = "$(TARGET_NAME)";
				TEST_TARGET_NAME = HackaBike;
				USES_XCTRUNNER = YES;
			};
			name = Debug;
		};
		756066681CC2BE2E00D054FD /* Release */ = {
			isa = XCBuildConfiguration;
			buildSettings = {
				INFOPLIST_FILE = HackaBikeUITests/Info.plist;
				LD_RUNPATH_SEARCH_PATHS = "$(inherited) @executable_path/Frameworks @loader_path/Frameworks";
				PRODUCT_BUNDLE_IDENTIFIER = com.paulo.HackaBikeUITests;
				PRODUCT_NAME = "$(TARGET_NAME)";
				TEST_TARGET_NAME = HackaBike;
				USES_XCTRUNNER = YES;
			};
			name = Release;
		};
/* End XCBuildConfiguration section */

/* Begin XCConfigurationList section */
		756066301CC2BE2D00D054FD /* Build configuration list for PBXProject "HackaBike" */ = {
			isa = XCConfigurationList;
			buildConfigurations = (
				7560665E1CC2BE2E00D054FD /* Debug */,
				7560665F1CC2BE2E00D054FD /* Release */,
			);
			defaultConfigurationIsVisible = 0;
			defaultConfigurationName = Release;
		};
		756066601CC2BE2E00D054FD /* Build configuration list for PBXNativeTarget "HackaBike" */ = {
			isa = XCConfigurationList;
			buildConfigurations = (
				756066611CC2BE2E00D054FD /* Debug */,
				756066621CC2BE2E00D054FD /* Release */,
			);
			defaultConfigurationIsVisible = 0;
		};
		756066631CC2BE2E00D054FD /* Build configuration list for PBXNativeTarget "HackaBikeTests" */ = {
			isa = XCConfigurationList;
			buildConfigurations = (
				756066641CC2BE2E00D054FD /* Debug */,
				756066651CC2BE2E00D054FD /* Release */,
			);
			defaultConfigurationIsVisible = 0;
		};
		756066661CC2BE2E00D054FD /* Build configuration list for PBXNativeTarget "HackaBikeUITests" */ = {
			isa = XCConfigurationList;
			buildConfigurations = (
				756066671CC2BE2E00D054FD /* Debug */,
				756066681CC2BE2E00D054FD /* Release */,
			);
			defaultConfigurationIsVisible = 0;
		};
/* End XCConfigurationList section */

/* Begin XCVersionGroup section */
		7560667C1CC2C4F800D054FD /* HackaBike.xcdatamodeld */ = {
			isa = XCVersionGroup;
			children = (
			);
			path = HackaBike.xcdatamodeld;
			sourceTree = "<group>";
			versionGroupType = wrapper.xcdatamodel;
		};
/* End XCVersionGroup section */
	};
	rootObject = 7560662D1CC2BE2D00D054FD /* Project object */;
}
